
Microsoft Visual Studio Solution File, Format Version 12.00
# Visual Studio Version 16
VisualStudioVersion = 16.0.30204.135
MinimumVisualStudioVersion = 10.0.40219.1
Project("{9A19103F-16F7-4668-BE54-9A1E7A4F7556}") = "Beregner", "Beregner\Beregner.csproj", "{3E92EFB8-D886-4AF9-B742-EDE44C05A638}"
EndProject
Project("{9A19103F-16F7-4668-BE54-9A1E7A4F7556}") = "UnitTest", "UnitTest\UnitTest.csproj", "{70CCCE25-3E02-459A-83C0-2CE5F461F4A9}"
EndProject
Global
	GlobalSection(SolutionConfigurationPlatforms) = preSolution
		Debug|Any CPU = Debug|Any CPU
		Release|Any CPU = Release|Any CPU
	EndGlobalSection
	GlobalSection(ProjectConfigurationPlatforms) = postSolution
		{3E92EFB8-D886-4AF9-B742-EDE44C05A638}.Debug|Any CPU.ActiveCfg = Debug|Any CPU
		{3E92EFB8-D886-4AF9-B742-EDE44C05A638}.Debug|Any CPU.Build.0 = Debug|Any CPU
		{3E92EFB8-D886-4AF9-B742-EDE44C05A638}.Release|Any CPU.ActiveCfg = Release|Any CPU
		{3E92EFB8-D886-4AF9-B742-EDE44C05A638}.Release|Any CPU.Build.0 = Release|Any CPU
		{70CCCE25-3E02-459A-83C0-2CE5F461F4A9}.Debug|Any CPU.ActiveCfg = Debug|Any CPU
		{70CCCE25-3E02-459A-83C0-2CE5F461F4A9}.Debug|Any CPU.Build.0 = Debug|Any CPU
		{70CCCE25-3E02-459A-83C0-2CE5F461F4A9}.Release|Any CPU.ActiveCfg = Release|Any CPU
		{70CCCE25-3E02-459A-83C0-2CE5F461F4A9}.Release|Any CPU.Build.0 = Release|Any CPU
	EndGlobalSection
	GlobalSection(SolutionProperties) = preSolution
		HideSolutionNode = FALSE
	EndGlobalSection
	GlobalSection(ExtensibilityGlobals) = postSolution
		SolutionGuid = {727C0697-C12F-4272-B8EE-6CDCE8FA3148}
	EndGlobalSection
EndGlobal
